{
    "_readme": [
        "This file locks the dependencies of your project to a known state",
        "Read more about it at https://getcomposer.org/doc/01-basic-usage.md#installing-dependencies",
        "This file is @generated automatically"
    ],
    "content-hash": "8e55d03bfac7ff31e46e1d37dab0c74b",
    "packages": [],
    "packages-dev": [
        {
            "name": "phpstan/phpstan",
            "version": "2.1.44",
            "dist": {
                "type": "zip",
                "url": "https://api.github.com/repos/phpstan/phpstan/zipball/4a88c083c668b2c364a425c9b3171b2d9ea5d218",
                "reference": "4a88c083c668b2c364a425c9b3171b2d9ea5d218",
                "shasum": ""
            },
            "require": {
                "php": "^7.4|^8.0"
            },
            "conflict": {
                "phpstan/phpstan-shim": "*"
            },
            "bin": [
                "phpstan",
                "phpstan.phar"
            ],
            "type": "library",
            "autoload": {
                "files": [
                    "bootstrap.php"
                ]
            },
            "notification-url": "https://packagist.org/downloads/",
            "license": [
                "MIT"
            ],
            "description": "PHPStan - PHP Static Analysis Tool",
            "keywords": [
                "dev",
                "static analysis"
            ],
            "support": {
                "docs": "https://phpstan.org/user-guide/getting-started",
                "forum": "https://github.com/phpstan/phpstan/discussions",
                "issues": "https://github.com/phpstan/phpstan/issues",
                "security": "https://github.com/phpstan/phpstan/security/policy",
                "source": "https://github.com/phpstan/phpstan-src"
            },
            "funding": [
                {
                    "url": "https://github.com/ondrejmirtes",
                    "type": "github"
                },
                {
                    "url": "https://github.com/phpstan",
                    "type": "github"
                }
            ],
            "time": "2026-03-25T17:34:21+00:00"
        },
        {
            "name": "phpstan/phpstan-symfony",
            "version": "2.0.15",
            "source": {
                "type": "git",
                "url": "https://github.com/phpstan/phpstan-symfony.git",
                "reference": "9b85ab476969b87bbe2253b69e265a9359b2f395"
            },
            "dist": {
                "type": "zip",
                "url": "https://api.github.com/repos/phpstan/phpstan-symfony/zipball/9b85ab476969b87bbe2253b69e265a9359b2f395",
                "reference": "9b85ab476969b87bbe2253b69e265a9359b2f395",
                "shasum": ""
            },
            "require": {
                "ext-simplexml": "*",
                "php": "^7.4 || ^8.0",
                "phpstan/phpstan": "^2.1.13"
            },
            "conflict": {
                "symfony/framework-bundle": "<3.0"
            },
            "require-dev": {
                "php-parallel-lint/php-parallel-lint": "^1.2",
                "phpstan/phpstan-phpunit": "^2.0.8",
                "phpstan/phpstan-strict-rules": "^2.0",
                "phpunit/phpunit": "^9.6",
                "psr/container": "1.1.2",
                "symfony/config": "^5.4 || ^6.1",
                "symfony/console": "^5.4 || ^6.1",
                "symfony/dependency-injection": "^5.4 || ^6.1",
                "symfony/form": "^5.4 || ^6.1",
                "symfony/framework-bundle": "^5.4 || ^6.1",
                "symfony/http-foundation": "^5.4 || ^6.1",
                "symfony/messenger": "^5.4",
                "symfony/polyfill-php80": "^1.24",
                "symfony/serializer": "^5.4",
                "symfony/service-contracts": "^2.2.0"
            },
            "type": "phpstan-extension",
            "extra": {
                "phpstan": {
                    "includes": [
                        "extension.neon",
                        "rules.neon"
                    ]
                }
            },
            "autoload": {
                "psr-4": {
                    "PHPStan\\": "src/"
                }
            },
            "notification-url": "https://packagist.org/downloads/",
            "license": [
                "MIT"
            ],
            "authors": [
                {
                    "name": "Lukáš Unger",
                    "email": "looky.msc@gmail.com",
                    "homepage": "https://lookyman.net"
                }
            ],
            "description": "Symfony Framework extensions and rules for PHPStan",
            "keywords": [
                "static analysis"
            ],
            "support": {
                "issues": "https://github.com/phpstan/phpstan-symfony/issues",
                "source": "https://github.com/phpstan/phpstan-symfony/tree/2.0.15"
            },
            "time": "2026-02-26T10:15:59+00:00"
        },
        {
            "name": "squizlabs/php_codesniffer",
            "version": "4.0.1",
            "source": {
                "type": "git",
                "url": "https://github.com/PHPCSStandards/PHP_CodeSniffer.git",
                "reference": "0525c73950de35ded110cffafb9892946d7771b5"
            },
            "dist": {
                "type": "zip",
                "url": "https://api.github.com/repos/PHPCSStandards/PHP_CodeSniffer/zipball/0525c73950de35ded110cffafb9892946d7771b5",
                "reference": "0525c73950de35ded110cffafb9892946d7771b5",
                "shasum": ""
            },
            "require": {
                "ext-simplexml": "*",
                "ext-tokenizer": "*",
                "ext-xmlwriter": "*",
                "php": ">=7.2.0"
            },
            "require-dev": {
                "phpunit/phpunit": "^8.4.0 || ^9.3.4 || ^10.5.32 || 11.3.3 - 11.5.28 || ^11.5.31"
            },
            "bin": [
                "bin/phpcbf",
                "bin/phpcs"
            ],
            "type": "library",
            "notification-url": "https://packagist.org/downloads/",
            "license": [
                "BSD-3-Clause"
            ],
            "authors": [
                {
                    "name": "Greg Sherwood",
                    "role": "Former lead"
                },
                {
                    "name": "Juliette Reinders Folmer",
                    "role": "Current lead"
                },
                {
                    "name": "Contributors",
                    "homepage": "https://github.com/PHPCSStandards/PHP_CodeSniffer/graphs/contributors"
                }
            ],
            "description": "PHP_CodeSniffer tokenizes PHP files and detects violations of a defined set of coding standards.",
            "homepage": "https://github.com/PHPCSStandards/PHP_CodeSniffer",
            "keywords": [
                "phpcs",
                "standards",
                "static analysis"
            ],
            "support": {
                "issues": "https://github.com/PHPCSStandards/PHP_CodeSniffer/issues",
                "security": "https://github.com/PHPCSStandards/PHP_CodeSniffer/security/policy",
                "source": "https://github.com/PHPCSStandards/PHP_CodeSniffer",
                "wiki": "https://github.com/PHPCSStandards/PHP_CodeSniffer/wiki"
            },
            "funding": [
                {
                    "url": "https://github.com/PHPCSStandards",
                    "type": "github"
                },
                {
                    "url": "https://github.com/jrfnl",
                    "type": "github"
                },
                {
                    "url": "https://opencollective.com/php_codesniffer",
                    "type": "open_collective"
                },
                {
                    "url": "https://thanks.dev/u/gh/phpcsstandards",
                    "type": "thanks_dev"
                }
            ],
            "time": "2025-11-10T16:43:36+00:00"
        }
    ],
    "aliases": [],
    "minimum-stability": "stable",
    "stability-flags": {},
    "prefer-stable": false,
    "prefer-lowest": false,
    "platform": {},
    "platform-dev": {},
    "plugin-api-version": "2.6.0"
}
